// !$*UTF8*$!
{
	archiveVersion = 1;
	classes = {
	};
	objectVersion = 46;
	objects = {

/* Begin PBXBuildFile section */
		CF40C08B194BE34400B0A7F5 /* main.m in Sources */ = {isa = PBXBuildFile; fileRef = CF40C08A194BE34400B0A7F5 /* main.m */; };
		CF40C08E194BE34400B0A7F5 /* AppDelegate.m in Sources */ = {isa = PBXBuildFile; fileRef = CF40C08D194BE34400B0A7F5 /* AppDelegate.m */; };
		CF40C091194BE34400B0A7F5 /* ViewController.m in Sources */ = {isa = PBXBuildFile; fileRef = CF40C090194BE34400B0A7F5 /* ViewController.m */; };
		CF40C094194BE34400B0A7F5 /* Main.storyboard in Resources */ = {isa = PBXBuildFile; fileRef = CF40C092194BE34400B0A7F5 /* Main.storyboard */; };
		CF40C096194BE34400B0A7F5 /* Images.xcassets in Resources */ = {isa = PBXBuildFile; fileRef = CF40C095194BE34400B0A7F5 /* Images.xcassets */; };
		CF40C0A2194BE34400B0A7F5 /* SpriteKitTests.m in Sources */ = {isa = PBXBuildFile; fileRef = CF40C0A1194BE34400B0A7F5 /* SpriteKitTests.m */; };
/* End PBXBuildFile section */

/* Begin PBXContainerItemProxy section */
		CF40C09C194BE34400B0A7F5 /* PBXContainerItemProxy */ = {
			isa = PBXContainerItemProxy;
			containerPortal = CF40C07D194BE34400B0A7F5 /* Project object */;
			proxyType = 1;
			remoteGlobalIDString = CF40C084194BE34400B0A7F5;
			remoteInfo = SpriteKit;
		};
/* End PBXContainerItemProxy section */

/* Begin PBXFileReference section */
		CF40C085194BE34400B0A7F5 /* SpriteKit.app */ = {isa = PBXFileReference; explicitFileType = wrapper.application; includeInIndex = 0; path = SpriteKit.app; sourceTree = BUILT_PRODUCTS_DIR; };
		CF40C089194BE34400B0A7F5 /* Info.plist */ = {isa = PBXFileReference; lastKnownFileType = text.plist.xml; path = Info.plist; sourceTree = "<group>"; };
		CF40C08A194BE34400B0A7F5 /* main.m */ = {isa = PBXFileReference; lastKnownFileType = sourcecode.c.objc; path = main.m; sourceTree = "<group>"; };
		CF40C08C194BE34400B0A7F5 /* AppDelegate.h */ = {isa = PBXFileReference; lastKnownFileType = sourcecode.c.h; path = AppDelegate.h; sourceTree = "<group>"; };
		CF40C08D194BE34400B0A7F5 /* AppDelegate.m */ = {isa = PBXFileReference; lastKnownFileType = sourcecode.c.objc; path = AppDelegate.m; sourceTree = "<group>"; };
		CF40C08F194BE34400B0A7F5 /* ViewController.h */ = {isa = PBXFileReference; lastKnownFileType = sourcecode.c.h; path = ViewController.h; sourceTree = "<group>"; };
		CF40C090194BE34400B0A7F5 /* ViewController.m */ = {isa = PBXFileReference; lastKnownFileType = sourcecode.c.objc; path = ViewController.m; sourceTree = "<group>"; };
		CF40C093194BE34400B0A7F5 /* Base */ = {isa = PBXFileReference; lastKnownFileType = file.storyboard; name = Base; path = Base.lproj/Main.storyboard; sourceTree = "<group>"; };
		CF40C095194BE34400B0A7F5 /* Images.xcassets */ = {isa = PBXFileReference; lastKnownFileType = folder.assetcatalog; path = Images.xcassets; sourceTree = "<group>"; };
		CF40C09B194BE34400B0A7F5 /* SpriteKitTests.xctest */ = {isa = PBXFileReference; explicitFileType = wrapper.cfbundle; includeInIndex = 0; path = SpriteKitTests.xctest; sourceTree = BUILT_PRODUCTS_DIR; };
		CF40C0A0194BE34400B0A7F5 /* Info.plist */ = {isa = PBXFileReference; lastKnownFileType = text.plist.xml; path = Info.plist; sourceTree = "<group>"; };
		CF40C0A1194BE34400B0A7F5 /* SpriteKitTests.m */ = {isa = PBXFileReference; lastKnownFileType = sourcecode.c.objc; path = SpriteKitTests.m; sourceTree = "<group>"; };
/* End PBXFileReference section */

/* Begin PBXFrameworksBuildPhase section */
		CF40C082194BE34400B0A7F5 /* Frameworks */ = {
			isa = PBXFrameworksBuildPhase;
			buildActionMask = 2147483647;
			files = (
			);
			runOnlyForDeploymentPostprocessing = 0;
		};
		CF40C098194BE34400B0A7F5 /* Frameworks */ = {
			isa = PBXFrameworksBuildPhase;
			buildActionMask = 2147483647;
			files = (
			);
			runOnlyForDeploymentPostprocessing = 0;
		};
/* End PBXFrameworksBuildPhase section */

/* Begin PBXGroup section */
		CF40C07C194BE34400B0A7F5 = {
			isa = PBXGroup;
			children = (
				CF40C087194BE34400B0A7F5 /* SpriteKit */,
				CF40C09E194BE34400B0A7F5 /* SpriteKitTests */,
				CF40C086194BE34400B0A7F5 /* Products */,
			);
			sourceTree = "<group>";
		};
		CF40C086194BE34400B0A7F5 /* Products */ = {
			isa = PBXGroup;
			children = (
				CF40C085194BE34400B0A7F5 /* SpriteKit.app */,
				CF40C09B194BE34400B0A7F5 /* SpriteKitTests.xctest */,
			);
			name = Products;
			sourceTree = "<group>";
		};
		CF40C087194BE34400B0A7F5 /* SpriteKit */ = {
			isa = PBXGroup;
			children = (
				CF40C08C194BE34400B0A7F5 /* AppDelegate.h */,
				CF40C08D194BE34400B0A7F5 /* AppDelegate.m */,
				CF40C08F194BE34400B0A7F5 /* ViewController.h */,
				CF40C090194BE34400B0A7F5 /* ViewController.m */,
				CF40C092194BE34400B0A7F5 /* Main.storyboard */,
				CF40C095194BE34400B0A7F5 /* Images.xcassets */,
				CF40C088194BE34400B0A7F5 /* Supporting Files */,
			);
			path = SpriteKit;
			sourceTree = "<group>";
		};
		CF40C088194BE34400B0A7F5 /* Supporting Files */ = {
			isa = PBXGroup;
			children = (
				CF40C089194BE34400B0A7F5 /* Info.plist */,
				CF40C08A194BE34400B0A7F5 /* main.m */,
			);
			name = "Supporting Files";
			sourceTree = "<group>";
		};
		CF40C09E194BE34400B0A7F5 /* SpriteKitTests */ = {
			isa = PBXGroup;
			children = (
				CF40C0A1194BE34400B0A7F5 /* SpriteKitTests.m */,
				CF40C09F194BE34400B0A7F5 /* Supporting Files */,
			);
			path = SpriteKitTests;
			sourceTree = "<group>";
		};
		CF40C09F194BE34400B0A7F5 /* Supporting Files */ = {
			isa = PBXGroup;
			children = (
				CF40C0A0194BE34400B0A7F5 /* Info.plist */,
			);
			name = "Supporting Files";
			sourceTree = "<group>";
		};
/* End PBXGroup section */

/* Begin PBXNativeTarget section */
		CF40C084194BE34400B0A7F5 /* SpriteKit */ = {
			isa = PBXNativeTarget;
			buildConfigurationList = CF40C0A5194BE34400B0A7F5 /* Build configuration list for PBXNativeTarget "SpriteKit" */;
			buildPhases = (
				CF40C081194BE34400B0A7F5 /* Sources */,
				CF40C082194BE34400B0A7F5 /* Frameworks */,
				CF40C083194BE34400B0A7F5 /* Resources */,
			);
			buildRules = (
			);
			dependencies = (
			);
			name = SpriteKit;
			productName = SpriteKit;
			productReference = CF40C085194BE34400B0A7F5 /* SpriteKit.app */;
			productType = "com.apple.product-type.application";
		};
		CF40C09A194BE34400B0A7F5 /* SpriteKitTests */ = {
			isa = PBXNativeTarget;
			buildConfigurationList = CF40C0A8194BE34400B0A7F5 /* Build configuration list for PBXNativeTarget "SpriteKitTests" */;
			buildPhases = (
				CF40C097194BE34400B0A7F5 /* Sources */,
				CF40C098194BE34400B0A7F5 /* Frameworks */,
				CF40C099194BE34400B0A7F5 /* Resources */,
			);
			buildRules = (
			);
			dependencies = (
				CF40C09D194BE34400B0A7F5 /* PBXTargetDependency */,
			);
			name = SpriteKitTests;
			productName = SpriteKitTests;
			productReference = CF40C09B194BE34400B0A7F5 /* SpriteKitTests.xctest */;
			productType = "com.apple.product-type.bundle.unit-test";
		};
/* End PBXNativeTarget section */

/* Begin PBXProject section */
		CF40C07D194BE34400B0A7F5 /* Project object */ = {
			isa = PBXProject;
			attributes = {
				LastUpgradeCheck = 0600;
				ORGANIZATIONNAME = "Zakk Hoyt";
				TargetAttributes = {
					CF40C084194BE34400B0A7F5 = {
						CreatedOnToolsVersion = 6.0;
					};
					CF40C09A194BE34400B0A7F5 = {
						CreatedOnToolsVersion = 6.0;
						TestTargetID = CF40C084194BE34400B0A7F5;
					};
				};
			};
			buildConfigurationList = CF40C080194BE34400B0A7F5 /* Build configuration list for PBXProject "SpriteKit" */;
			compatibilityVersion = "Xcode 3.2";
			developmentRegion = English;
			hasScannedForEncodings = 0;
			knownRegions = (
				en,
				Base,
			);
			mainGroup = CF40C07C194BE34400B0A7F5;
			productRefGroup = CF40C086194BE34400B0A7F5 /* Products */;
			projectDirPath = "";
			projectRoot = "";
			targets = (
				CF40C084194BE34400B0A7F5 /* SpriteKit */,
				CF40C09A194BE34400B0A7F5 /* SpriteKitTests */,
			);
		};
/* End PBXProject section */

/* Begin PBXResourcesBuildPhase section */
		CF40C083194BE34400B0A7F5 /* Resources */ = {
			isa = PBXResourcesBuildPhase;
			buildActionMask = 2147483647;
			files = (
				CF40C094194BE34400B0A7F5 /* Main.storyboard in Resources */,
				CF40C096194BE34400B0A7F5 /* Images.xcassets in Resources */,
			);
			runOnlyForDeploymentPostprocessing = 0;
		};
		CF40C099194BE34400B0A7F5 /* Resources */ = {
			isa = PBXResourcesBuildPhase;
			buildActionMask = 2147483647;
			files = (
			);
			runOnlyForDeploymentPostprocessing = 0;
		};
/* End PBXResourcesBuildPhase section */

/* Begin PBXSourcesBuildPhase section */
		CF40C081194BE34400B0A7F5 /* Sources */ = {
			isa = PBXSourcesBuildPhase;
			buildActionMask = 2147483647;
			files = (
				CF40C091194BE34400B0A7F5 /* ViewController.m in Sources */,
				CF40C08E194BE34400B0A7F5 /* AppDelegate.m in Sources */,
				CF40C08B194BE34400B0A7F5 /* main.m in Sources */,
			);
			runOnlyForDeploymentPostprocessing = 0;
		};
		CF40C097194BE34400B0A7F5 /* Sources */ = {
			isa = PBXSourcesBuildPhase;
			buildActionMask = 2147483647;
			files = (
				CF40C0A2194BE34400B0A7F5 /* SpriteKitTests.m in Sources */,
			);
			runOnlyForDeploymentPostprocessing = 0;
		};
/* End PBXSourcesBuildPhase section */

/* Begin PBXTargetDependency section */
		CF40C09D194BE34400B0A7F5 /* PBXTargetDependency */ = {
			isa = PBXTargetDependency;
			target = CF40C084194BE34400B0A7F5 /* SpriteKit */;
			targetProxy = CF40C09C194BE34400B0A7F5 /* PBXContainerItemProxy */;
		};
/* End PBXTargetDependency section */

/* Begin PBXVariantGroup section */
		CF40C092194BE34400B0A7F5 /* Main.storyboard */ = {
			isa = PBXVariantGroup;
			children = (
				CF40C093194BE34400B0A7F5 /* Base */,
			);
			name = Main.storyboard;
			sourceTree = "<group>";
		};
/* End PBXVariantGroup section */

/* Begin XCBuildConfiguration section */
		CF40C0A3194BE34400B0A7F5 /* Debug */ = {
			isa = XCBuildConfiguration;
			buildSettings = {
				ALWAYS_SEARCH_USER_PATHS = NO;
				CLANG_CXX_LANGUAGE_STANDARD = "gnu++0x";
				CLANG_CXX_LIBRARY = "libc++";
				CLANG_ENABLE_MODULES = YES;
				CLANG_ENABLE_OBJC_ARC = YES;
				CLANG_WARN_BOOL_CONVERSION = YES;
				CLANG_WARN_CONSTANT_CONVERSION = YES;
				CLANG_WARN_DIRECT_OBJC_ISA_USAGE = YES_ERROR;
				CLANG_WARN_EMPTY_BODY = YES;
				CLANG_WARN_ENUM_CONVERSION = YES;
				CLANG_WARN_INT_CONVERSION = YES;
				CLANG_WARN_OBJC_ROOT_CLASS = YES_ERROR;
				CLANG_WARN_UNREACHABLE_CODE = YES;
				CLANG_WARN__DUPLICATE_METHOD_MATCH = YES;
				"CODE_SIGN_IDENTITY[sdk=iphoneos*]" = "iPhone Developer";
				COPY_PHASE_STRIP = NO;
				ENABLE_STRICT_OBJC_MSGSEND = YES;
				GCC_C_LANGUAGE_STANDARD = gnu99;
				GCC_DYNAMIC_NO_PIC = NO;
				GCC_OPTIMIZATION_LEVEL = 0;
				GCC_PREPROCESSOR_DEFINITIONS = (
					"DEBUG=1",
					"$(inherited)",
				);
				GCC_SYMBOLS_PRIVATE_EXTERN = NO;
				GCC_WARN_64_TO_32_BIT_CONVERSION = YES;
				GCC_WARN_ABOUT_RETURN_TYPE = YES_ERROR;
				GCC_WARN_UNDECLARED_SELECTOR = YES;
				GCC_WARN_UNINITIALIZED_AUTOS = YES_AGGRESSIVE;
				GCC_WARN_UNUSED_FUNCTION = YES;
				GCC_WARN_UNUSED_VARIABLE = YES;
				IPHONEOS_DEPLOYMENT_TARGET = 8.0;
				METAL_ENABLE_DEBUG_INFO = YES;
				ONLY_ACTIVE_ARCH = YES;
				SDKROOT = iphoneos;
			};
			name = Debug;
		};
		CF40C0A4194BE34400B0A7F5 /* Release */ = {
			isa = XCBuildConfiguration;
			buildSettings = {
				ALWAYS_SEARCH_USER_PATHS = NO;
				CLANG_CXX_LANGUAGE_STANDARD = "gnu++0x";
				CLANG_CXX_LIBRARY = "libc++";
				CLANG_ENABLE_MODULES = YES;
				CLANG_ENABLE_OBJC_ARC = YES;
				CLANG_WARN_BOOL_CONVERSION = YES;
				CLANG_WARN_CONSTANT_CONVERSION = YES;
				CLANG_WARN_DIRECT_OBJC_ISA_USAGE = YES_ERROR;
				CLANG_WARN_EMPTY_BODY = YES;
				CLANG_WARN_ENUM_CONVERSION = YES;
				CLANG_WARN_INT_CONVERSION = YES;
				CLANG_WARN_OBJC_ROOT_CLASS = YES_ERROR;
				CLANG_WARN_UNREACHABLE_CODE = YES;
				CLANG_WARN__DUPLICATE_METHOD_MATCH = YES;
				"CODE_SIGN_IDENTITY[sdk=iphoneos*]" = "iPhone Developer";
				COPY_PHASE_STRIP = YES;
				ENABLE_NS_ASSERTIONS = NO;
				ENABLE_STRICT_OBJC_MSGSEND = YES;
				GCC_C_LANGUAGE_STANDARD = gnu99;
				GCC_WARN_64_TO_32_BIT_CONVERSION = YES;
				GCC_WARN_ABOUT_RETURN_TYPE = YES_ERROR;
				GCC_WARN_UNDECLARED_SELECTOR = YES;
				GCC_WARN_UNINITIALIZED_AUTOS = YES_AGGRESSIVE;
				GCC_WARN_UNUSED_FUNCTION = YES;
				GCC_WARN_UNUSED_VARIABLE = YES;
				IPHONEOS_DEPLOYMENT_TARGET = 8.0;
				METAL_ENABLE_DEBUG_INFO = NO;
				SDKROOT = iphoneos;
				VALIDATE_PRODUCT = YES;
			};
			name = Release;
		};
		CF40C0A6194BE34400B0A7F5 /* Debug */ = {
			isa = XCBuildConfiguration;
			buildSettings = {
				ASSETCATALOG_COMPILER_APPICON_NAME = AppIcon;
				ASSETCATALOG_COMPILER_LAUNCHIMAGE_NAME = LaunchImage;
				INFOPLIST_FILE = SpriteKit/Info.plist;
				LD_RUNPATH_SEARCH_PATHS = "$(inherited) @executable_path/Frameworks";
				PRODUCT_NAME = "$(TARGET_NAME)";
			};
			name = Debug;
		};
		CF40C0A7194BE34400B0A7F5 /* Release */ = {
			isa = XCBuildConfiguration;
			buildSettings = {
				ASSETCATALOG_COMPILER_APPICON_NAME = AppIcon;
				ASSETCATALOG_COMPILER_LAUNCHIMAGE_NAME = LaunchImage;
				INFOPLIST_FILE = SpriteKit/Info.plist;
				LD_RUNPATH_SEARCH_PATHS = "$(inherited) @executable_path/Frameworks";
				PRODUCT_NAME = "$(TARGET_NAME)";
			};
			name = Release;
		};
		CF40C0A9194BE34400B0A7F5 /* Debug */ = {
			isa = XCBuildConfiguration;
			buildSettings = {
				BUNDLE_LOADER = "$(BUILT_PRODUCTS_DIR)/SpriteKit.app/SpriteKit";
				FRAMEWORK_SEARCH_PATHS = (
					"$(SDKROOT)/Developer/Library/Frameworks",
					"$(inherited)",
				);
				GCC_PREPROCESSOR_DEFINITIONS = (
					"DEBUG=1",
					"$(inherited)",
				);
				INFOPLIST_FILE = SpriteKitTests/Info.plist;
				LD_RUNPATH_SEARCH_PATHS = "$(inherited) @executable_path/Frameworks @loader_path/Frameworks";
				METAL_ENABLE_DEBUG_INFO = YES;
				PRODUCT_NAME = "$(TARGET_NAME)";
				TEST_HOST = "$(BUNDLE_LOADER)";
			};
			name = Debug;
		};
		CF40C0AA194BE34400B0A7F5 /* Release */ = {
			isa = XCBuildConfiguration;
			buildSettings = {
				BUNDLE_LOADER = "$(BUILT_PRODUCTS_DIR)/SpriteKit.app/SpriteKit";
				FRAMEWORK_SEARCH_PATHS = (
					"$(SDKROOT)/Developer/Library/Frameworks",
					"$(inherited)",
				);
				INFOPLIST_FILE = SpriteKitTests/Info.plist;
				LD_RUNPATH_SEARCH_PATHS = "$(inherited) @executable_path/Frameworks @loader_path/Frameworks";
				METAL_ENABLE_DEBUG_INFO = NO;
				PRODUCT_NAME = "$(TARGET_NAME)";
				TEST_HOST = "$(BUNDLE_LOADER)";
			};
			name = Release;
		};
/* End XCBuildConfiguration section */

/* Begin XCConfigurationList section */
		CF40C080194BE34400B0A7F5 /* Build configuration list for PBXProject "SpriteKit" */ = {
			isa = XCConfigurationList;
			buildConfigurations = (
				CF40C0A3194BE34400B0A7F5 /* Debug */,
				CF40C0A4194BE34400B0A7F5 /* Release */,
			);
			defaultConfigurationIsVisible = 0;
			defaultConfigurationName = Release;
		};
		CF40C0A5194BE34400B0A7F5 /* Build configuration list for PBXNativeTarget "SpriteKit" */ = {
			isa = XCConfigurationList;
			buildConfigurations = (
				CF40C0A6194BE34400B0A7F5 /* Debug */,
				CF40C0A7194BE34400B0A7F5 /* Release */,
			);
			defaultConfigurationIsVisible = 0;
		};
		CF40C0A8194BE34400B0A7F5 /* Build configuration list for PBXNativeTarget "SpriteKitTests" */ = {
			isa = XCConfigurationList;
			buildConfigurations = (
				CF40C0A9194BE34400B0A7F5 /* Debug */,
				CF40C0AA194BE34400B0A7F5 /* Release */,
			);
			defaultConfigurationIsVisible = 0;
		};
/* End XCConfigurationList section */
	};
	rootObject = CF40C07D194BE34400B0A7F5 /* Project object */;
}
